version = 1
revision = 3
requires-python = "==3.9.*"

[[package]]
name = "certifi"
version = "2026.6.17"
source = { registry = "https://pypi.org/simple" }
sdist = { url = "https://files.pythonhosted.org/packages/c9/c7/424b75da314c1045981bd9777432fad05a9e0c69daa4ed7e308bbaffe405/certifi-2026.6.17.tar.gz", hash = "sha256:024c88eeec92ca068db80f02b8b07c9cef7b9fe261d1d535abfd5abd6f6af432", size = 134594, upload-time = "2026-06-17T10:31:07.894Z" }
wheels = [
    { url = "https://files.pythonhosted.org/packages/ef/2f/c5464532e965badff2f4c4c1a3a83f5697f0d7c407ed0cda44aaa99bb451/certifi-2026.6.17-py3-none-any.whl", hash = "sha256:2227dcbaafe0d2f59279d1762ddddc37783ed4354594f194ffc31d20f41fc3db", size = 133289, upload-time = "2026-06-17T10:31:06.348Z" },
]

[[package]]
name = "charset-normalizer"
version = "3.4.7"
source = { registry = "https://pypi.org/simple" }
sdist = { url = "https://files.pythonhosted.org/packages/e7/a1/67fe25fac3c7642725500a3f6cfe5821ad557c3abb11c9d20d12c7008d3e/charset_normalizer-3.4.7.tar.gz", hash = "sha256:ae89db9e5f98a11a4bf50407d4363e7b09b31e55bc117b4f7d80aab97ba009e5", size = 144271, upload-time = "2026-04-02T09:28:39.342Z" }
wheels = [
    { url = "https://files.pythonhosted.org/packages/01/1b/ef725f8eb19b5a261b30f78efa9252ef9d017985cb499102f6f49834cd12/charset_normalizer-3.4.7-cp39-cp39-macosx_10_9_universal2.whl", hash = "sha256:177a0ba5f0211d488e295aaf82707237e331c24788d8d76c96c5a41594723217", size = 299121, upload-time = "2026-04-02T09:28:14.372Z" },
    { url = "https://files.pythonhosted.org/packages/a3/22/2f12878fbc680fbbb52386cd39a379801f62eaca74fc8b323381325f0f04/charset_normalizer-3.4.7-cp39-cp39-manylinux2014_aarch64.manylinux_2_17_aarch64.manylinux_2_28_aarch64.whl", hash = "sha256:6e0d51f618228538a3e8f46bd246f87a6cd030565e015803691603f55e12afb5", size = 200612, upload-time = "2026-04-02T09:28:16.162Z" },
    { url = "https://files.pythonhosted.org/packages/bc/b6/10c84e789126ca97d4a7228863a30481e786980a8b8cfcbf4f30658ca63c/charset_normalizer-3.4.7-cp39-cp39-manylinux2014_ppc64le.manylinux_2_17_ppc64le.manylinux_2_28_ppc64le.whl", hash = "sha256:14265bfe1f09498b9d8ec91e9ec9fa52775edf90fcbde092b25f4a33d444fea9", size = 221041, upload-time = "2026-04-02T09:28:17.554Z" },
    { url = "https://files.pythonhosted.org/packages/21/7b/c414866a138400b2e81973d006da7f694cfeaf895ef07d2cba9a8743841a/charset_normalizer-3.4.7-cp39-cp39-manylinux2014_s390x.manylinux_2_17_s390x.manylinux_2_28_s390x.whl", hash = "sha256:87fad7d9ba98c86bcb41b2dc8dbb326619be2562af1f8ff50776a39e55721c5a", size = 216323, upload-time = "2026-04-02T09:28:18.863Z" },
    { url = "https://files.pythonhosted.org/packages/2e/92/bdcf94997e06b223d826df3abed45a5ad6e17f609b7df9d25cd23b5bde30/charset_normalizer-3.4.7-cp39-cp39-manylinux2014_x86_64.manylinux_2_17_x86_64.manylinux_2_28_x86_64.whl", hash = "sha256:f22dec1690b584cea26fade98b2435c132c1b5f68e39f5a0b7627cd7ae31f1dc", size = 208419, upload-time = "2026-04-02T09:28:20.332Z" },
    { url = "https://files.pythonhosted.org/packages/1a/64/3f9142293c88b1b10e199649ed1330f070c2a68e305335a5819fa7f25fa7/charset_normalizer-3.4.7-cp39-cp39-manylinux_2_31_armv7l.whl", hash = "sha256:d61f00a0869d77422d9b2aba989e2d24afa6ffd552af442e0e58de4f35ea6d00", size = 195016, upload-time = "2026-04-02T09:28:21.657Z" },
    { url = "https://files.pythonhosted.org/packages/c1/d1/d8a6b7dd5c5636b76ce0d080bc57d8e56c7bbd6bc2ac941529a35e41d84a/charset_normalizer-3.4.7-cp39-cp39-manylinux_2_31_riscv64.manylinux_2_39_riscv64.whl", hash = "sha256:6370e8686f662e6a3941ee48ed4742317cafbe5707e36406e9df792cdb535776", size = 206115, upload-time = "2026-04-02T09:28:23.259Z" },
    { url = "https://files.pythonhosted.org/packages/dd/8c/60ebe912379627d023eb96995b40bc50308729f210f43d66109ca0a7bbd2/charset_normalizer-3.4.7-cp39-cp39-musllinux_1_2_aarch64.whl", hash = "sha256:a6c5863edfbe888d9eff9c8b8087354e27618d9da76425c119293f11712a6319", size = 204022, upload-time = "2026-04-02T09:28:24.779Z" },
    { url = "https://files.pythonhosted.org/packages/d5/2a/41816ceda78a551cbfdfbeab6f3891152b0e3f758ce6580c2c18c829f774/charset_normalizer-3.4.7-cp39-cp39-musllinux_1_2_armv7l.whl", hash = "sha256:ed065083d0898c9d5b4bbec7b026fd755ff7454e6e8b73a67f8c744b13986e24", size = 195914, upload-time = "2026-04-02T09:28:26.181Z" },
    { url = "https://files.pythonhosted.org/packages/8f/9b/7c7f4b7f11525fcbdfba752455314ac60646bae91cdd671d531c1f7a97c6/charset_normalizer-3.4.7-cp39-cp39-musllinux_1_2_ppc64le.whl", hash = "sha256:2cd4a60d0e2fb04537162c62bbbb4182f53541fe0ede35cdf270a1c1e723cc42", size = 222159, upload-time = "2026-04-02T09:28:27.504Z" },
    { url = "https://files.pythonhosted.org/packages/9f/57/301682e7469bdbfa2ce219a804f0668b2266ab8520570d85d3b3ef483ea3/charset_normalizer-3.4.7-cp39-cp39-musllinux_1_2_riscv64.whl", hash = "sha256:813c0e0132266c08eb87469a642cb30aaff57c5f426255419572aaeceeaa7bf4", size = 206154, upload-time = "2026-04-02T09:28:28.848Z" },
    { url = "https://files.pythonhosted.org/packages/20/ec/90339ff5cdc598b265748c1f231c7d7fbd9123a92cee10f757e0b1448de4/charset_normalizer-3.4.7-cp39-cp39-musllinux_1_2_s390x.whl", hash = "sha256:07d9e39b01743c3717745f4c530a6349eadbfa043c7577eef86c502c15df2c67", size = 217423, upload-time = "2026-04-02T09:28:30.248Z" },
    { url = "https://files.pythonhosted.org/packages/2e/e7/a7a6147f8e3375676309cf584b25c72a3bab784ea4085b0011fa07b23aeb/charset_normalizer-3.4.7-cp39-cp39-musllinux_1_2_x86_64.whl", hash = "sha256:c0f081d69a6e58272819b70288d3221a6ee64b98df852631c80f293514d3b274", size = 210604, upload-time = "2026-04-02T09:28:31.736Z" },
    { url = "https://files.pythonhosted.org/packages/1a/62/d9340c7a79c393e57807d7fb6c57e82060687891f81b74d3201958b919c1/charset_normalizer-3.4.7-cp39-cp39-win32.whl", hash = "sha256:8751d2787c9131302398b11e6c8068053dcb55d5a8964e114b6e196cf16cb366", size = 144631, upload-time = "2026-04-02T09:28:33.158Z" },
    { url = "https://files.pythonhosted.org/packages/21/e7/92901117e2ddc8facfe8235a3ecd4eb482185b2ad5d5b6606b37c1afea06/charset_normalizer-3.4.7-cp39-cp39-win_amd64.whl", hash = "sha256:12a6fff75f6bc66711b73a2f0addfc4c8c15a20e805146a02d147a318962c444", size = 154710, upload-time = "2026-04-02T09:28:34.557Z" },
    { url = "https://files.pythonhosted.org/packages/cc/4f/e1fb138201ad9a32499dd9a98aa4a5a5441fbf7f56b52b619a54b7ee8777/charset_normalizer-3.4.7-cp39-cp39-win_arm64.whl", hash = "sha256:bb8cc7534f51d9a017b93e3e85b260924f909601c3df002bcdb58ddb4dc41a5c", size = 143716, upload-time = "2026-04-02T09:28:35.908Z" },
    { url = "https://files.pythonhosted.org/packages/db/8f/61959034484a4a7c527811f4721e75d02d653a35afb0b6054474d8185d4c/charset_normalizer-3.4.7-py3-none-any.whl", hash = "sha256:3dce51d0f5e7951f8bb4900c257dad282f49190fdbebecd4ba99bcc41fef404d", size = 61958, upload-time = "2026-04-02T09:28:37.794Z" },
]

[[package]]
name = "idna"
version = "3.18"
source = { registry = "https://pypi.org/simple" }
sdist = { url = "https://files.pythonhosted.org/packages/cd/63/9496c57188a2ee585e0f1db071d75089a11e98aa86eb99d9d7618fc1edce/idna-3.18.tar.gz", hash = "sha256:ffb385a7e039654cef1ab9ef32c6fafe283c0c0467bba1d9029738ce4a14a848", size = 196711, upload-time = "2026-06-02T14:34:07.794Z" }
wheels = [
    { url = "https://files.pythonhosted.org/packages/1e/5e/d4e9f1a599fb8e573b7b87160658329fbf28d19eac2718f51fc3def3aa5a/idna-3.18-py3-none-any.whl", hash = "sha256:7f952cbe720b688055e3f87de14f5c3e5fdaa8bc3928985c4077ca689de849a2", size = 65455, upload-time = "2026-06-02T14:34:06.319Z" },
]

[[package]]
name = "inception-export"
version = "0.5.0"
source = { virtual = "." }
dependencies = [
    { name = "pycaprio" },
    { name = "pyinquirer" },
]

[package.metadata]
requires-dist = [
    { name = "pycaprio" },
    { name = "pyinquirer" },
]

[[package]]
name = "prompt-toolkit"
version = "1.0.14"
source = { registry = "https://pypi.org/simple" }
dependencies = [
    { name = "six" },
    { name = "wcwidth" },
]
sdist = { url = "https://files.pythonhosted.org/packages/55/56/8c39509b614bda53e638b7500f12577d663ac1b868aef53426fc6a26c3f5/prompt_toolkit-1.0.14.tar.gz", hash = "sha256:cc66413b1b4b17021675d9f2d15d57e640b06ddfd99bb724c73484126d22622f", size = 241612, upload-time = "2017-03-26T18:36:31.501Z" }
wheels = [
    { url = "https://files.pythonhosted.org/packages/ee/3d/b25d35a9f0d381dd1c02d8e04b37c353caaaff4bc32150328eeebe4931f5/prompt_toolkit-1.0.14-py3-none-any.whl", hash = "sha256:7281b5199235adaef6980942840c43753e4ab20dfe41338da634fb41c194f9d8", size = 248251, upload-time = "2017-03-26T18:36:37.229Z" },
]

[[package]]
name = "pycaprio"
version = "0.3.1"
source = { registry = "https://pypi.org/simple" }
dependencies = [
    { name = "requests" },
    { name = "requests-toolbelt" },
]
sdist = { url = "https://files.pythonhosted.org/packages/a1/7d/b871c68dcb9f4f7ca821bec173094e8ebd5c1748d4e937842a395716b326/pycaprio-0.3.1.tar.gz", hash = "sha256:f6eec3db8e2f8baf556892b12ead847d522ae0d060ab36d4bb26a09ea8f35042", size = 11628, upload-time = "2025-06-10T19:17:36.784Z" }
wheels = [
    { url = "https://files.pythonhosted.org/packages/69/ea/74f7b5ef8db92fe6ba1f8386e9668425e79da4487c9c817004db2b8c66cb/pycaprio-0.3.1-py3-none-any.whl", hash = "sha256:6796d91a6dbc103b4d91563f35e81297ee64988911c9492d0068890b95f6f05d", size = 18932, upload-time = "2025-06-10T19:17:35.562Z" },
]

[[package]]
name = "pygments"
version = "2.20.0"
source = { registry = "https://pypi.org/simple" }
sdist = { url = "https://files.pythonhosted.org/packages/c3/b2/bc9c9196916376152d655522fdcebac55e66de6603a76a02bca1b6414f6c/pygments-2.20.0.tar.gz", hash = "sha256:6757cd03768053ff99f3039c1a36d6c0aa0b263438fcab17520b30a303a82b5f", size = 4955991, upload-time = "2026-03-29T13:29:33.898Z" }
wheels = [
    { url = "https://files.pythonhosted.org/packages/f4/7e/a72dd26f3b0f4f2bf1dd8923c85f7ceb43172af56d63c7383eb62b332364/pygments-2.20.0-py3-none-any.whl", hash = "sha256:81a9e26dd42fd28a23a2d169d86d7ac03b46e2f8b59ed4698fb4785f946d0176", size = 1231151, upload-time = "2026-03-29T13:29:30.038Z" },
]

[[package]]
name = "pyinquirer"
version = "1.0.3"
source = { registry = "https://pypi.org/simple" }
dependencies = [
    { name = "prompt-toolkit" },
    { name = "pygments" },
    { name = "regex" },
]
sdist = { url = "https://files.pythonhosted.org/packages/fb/4c/434b7c454010a284b49d6f1d446fe8dc5960415613d8c0225b9e2efb6724/PyInquirer-1.0.3.tar.gz", hash = "sha256:c9a92d68d7727fbd886a7908c08fd9e9773e5dc211bf5cbf836ba90d366dee51", size = 27980, upload-time = "2018-11-22T19:22:15.215Z" }

[[package]]
name = "regex"
version = "2026.1.15"
source = { registry = "https://pypi.org/simple" }
sdist = { url = "https://files.pythonhosted.org/packages/0b/86/07d5056945f9ec4590b518171c4254a5925832eb727b56d3c38a7476f316/regex-2026.1.15.tar.gz", hash = "sha256:164759aa25575cbc0651bef59a0b18353e54300d79ace8084c818ad8ac72b7d5", size = 414811, upload-time = "2026-01-14T23:18:02.775Z" }
wheels = [
    { url = "https://files.pythonhosted.org/packages/a2/e7/0e1913dc52eee9c5cf8417c9813c4c55972a3f37d27cfa2e623b79b63dbc/regex-2026.1.15-cp39-cp39-macosx_10_9_universal2.whl", hash = "sha256:55b4ea996a8e4458dd7b584a2f89863b1655dd3d17b88b46cbb9becc495a0ec5", size = 488185, upload-time = "2026-01-14T23:17:25.2Z" },
    { url = "https://files.pythonhosted.org/packages/78/df/c52c1ff4221529faad0953e197982fe9508c6dbb42327e31bf98ea07472a/regex-2026.1.15-cp39-cp39-macosx_10_9_x86_64.whl", hash = "sha256:7e1e28be779884189cdd57735e997f282b64fd7ccf6e2eef3e16e57d7a34a815", size = 290628, upload-time = "2026-01-14T23:17:27.125Z" },
    { url = "https://files.pythonhosted.org/packages/4b/d2/a2fef3717deaff647d7de2bccf899a576c7eaf042b6b271fc4474515fe97/regex-2026.1.15-cp39-cp39-macosx_11_0_arm64.whl", hash = "sha256:0057de9eaef45783ff69fa94ae9f0fd906d629d0bd4c3217048f46d1daa32e9b", size = 288509, upload-time = "2026-01-14T23:17:29.017Z" },
    { url = "https://files.pythonhosted.org/packages/70/89/faf5ee5c69168753c845a3d58b4683f61c899d162bfe1264fca88d5b3924/regex-2026.1.15-cp39-cp39-manylinux2014_aarch64.manylinux_2_17_aarch64.manylinux_2_28_aarch64.whl", hash = "sha256:cc7cd0b2be0f0269283a45c0d8b2c35e149d1319dcb4a43c9c3689fa935c1ee6", size = 781088, upload-time = "2026-01-14T23:17:30.961Z" },
    { url = "https://files.pythonhosted.org/packages/7d/2c/707e5c380ad547c93686e21144e7e24dc2064dd84ec5b751b6dbdfc9be2b/regex-2026.1.15-cp39-cp39-manylinux2014_ppc64le.manylinux_2_17_ppc64le.manylinux_2_28_ppc64le.whl", hash = "sha256:8db052bbd981e1666f09e957f3790ed74080c2229007c1dd67afdbf0b469c48b", size = 850516, upload-time = "2026-01-14T23:17:32.946Z" },
    { url = "https://files.pythonhosted.org/packages/5d/3b/baa816cdcad1c0f8195f9f40ab2b2a2246c8a2989dcd90641c0c6559e3fd/regex-2026.1.15-cp39-cp39-manylinux2014_s390x.manylinux_2_17_s390x.manylinux_2_28_s390x.whl", hash = "sha256:343db82cb3712c31ddf720f097ef17c11dab2f67f7a3e7be976c4f82eba4e6df", size = 898124, upload-time = "2026-01-14T23:17:36.019Z" },
    { url = "https://files.pythonhosted.org/packages/e7/74/1eb46bde30899825ed9fdf645eba16b7b97c49d12d300f5177989b9a09a4/regex-2026.1.15-cp39-cp39-manylinux2014_x86_64.manylinux_2_17_x86_64.manylinux_2_28_x86_64.whl", hash = "sha256:55e9d0118d97794367309635df398bdfd7c33b93e2fdfa0b239661cd74b4c14e", size = 791290, upload-time = "2026-01-14T23:17:38.097Z" },
    { url = "https://files.pythonhosted.org/packages/c4/5d/b72e176fb21e2ec248baed01151a342d1f44dd43c2b6bb6a41ad183b274e/regex-2026.1.15-cp39-cp39-manylinux2014_x86_64.manylinux_2_17_x86_64.whl", hash = "sha256:008b185f235acd1e53787333e5690082e4f156c44c87d894f880056089e9bc7c", size = 781996, upload-time = "2026-01-14T23:17:40.109Z" },
    { url = "https://files.pythonhosted.org/packages/61/0e/d3b3710eaafd994a4a71205d114abc38cda8691692a2ce2313abe68e7eb7/regex-2026.1.15-cp39-cp39-manylinux_2_31_riscv64.manylinux_2_39_riscv64.whl", hash = "sha256:fd65af65e2aaf9474e468f9e571bd7b189e1df3a61caa59dcbabd0000e4ea839", size = 767578, upload-time = "2026-01-14T23:17:42.134Z" },
    { url = "https://files.pythonhosted.org/packages/09/51/c6a6311833e040f95d229a34d82ac1cec2af8a5c00d58b244f2fceecef87/regex-2026.1.15-cp39-cp39-musllinux_1_2_aarch64.whl", hash = "sha256:f42e68301ff4afee63e365a5fc302b81bb8ba31af625a671d7acb19d10168a8c", size = 774354, upload-time = "2026-01-14T23:17:44.392Z" },
    { url = "https://files.pythonhosted.org/packages/cc/97/c522d1f19fb2c549aaf680b115c110cd124c02062bc8c95f33db8583b4bb/regex-2026.1.15-cp39-cp39-musllinux_1_2_ppc64le.whl", hash = "sha256:f7792f27d3ee6e0244ea4697d92b825f9a329ab5230a78c1a68bd274e64b5077", size = 845297, upload-time = "2026-01-14T23:17:47.145Z" },
    { url = "https://files.pythonhosted.org/packages/99/a0/99468c386ab68a5e24c946c5c353c29c33a95523e275c17839f2446db15d/regex-2026.1.15-cp39-cp39-musllinux_1_2_riscv64.whl", hash = "sha256:dbaf3c3c37ef190439981648ccbf0c02ed99ae066087dd117fcb616d80b010a4", size = 755132, upload-time = "2026-01-14T23:17:49.796Z" },
    { url = "https://files.pythonhosted.org/packages/70/33/d5748c7b6c9d3621f12570583561ba529e2d1b12e4f70b8f17979b133e65/regex-2026.1.15-cp39-cp39-musllinux_1_2_s390x.whl", hash = "sha256:adc97a9077c2696501443d8ad3fa1b4fc6d131fc8fd7dfefd1a723f89071cf0a", size = 835662, upload-time = "2026-01-14T23:17:52.559Z" },
    { url = "https://files.pythonhosted.org/packages/ad/15/1986972c276672505437f1ba3c9706c2d91f321cfb9b2f4d06e8bff1b999/regex-2026.1.15-cp39-cp39-musllinux_1_2_x86_64.whl", hash = "sha256:069f56a7bf71d286a6ff932a9e6fb878f151c998ebb2519a9f6d1cee4bffdba3", size = 779513, upload-time = "2026-01-14T23:17:54.711Z" },
    { url = "https://files.pythonhosted.org/packages/bc/f9/124f6a5cb3969d8e30471ed4f46cfc17c47aef1a9863ee8b4ba1d98b1bc4/regex-2026.1.15-cp39-cp39-win32.whl", hash = "sha256:ea4e6b3566127fda5e007e90a8fd5a4169f0cf0619506ed426db647f19c8454a", size = 265923, upload-time = "2026-01-14T23:17:56.69Z" },
    { url = "https://files.pythonhosted.org/packages/7b/c2/bb8fad7d27f1d71fc9772befd544bccd22eddc62a6735f57b003b4aff005/regex-2026.1.15-cp39-cp39-win_amd64.whl", hash = "sha256:cda1ed70d2b264952e88adaa52eea653a33a1b98ac907ae2f86508eb44f65cdc", size = 277900, upload-time = "2026-01-14T23:17:58.72Z" },
    { url = "https://files.pythonhosted.org/packages/f7/fa/4e033327c1d8350bc812cac906d873984d3d4b39529252f392a47ccc356d/regex-2026.1.15-cp39-cp39-win_arm64.whl", hash = "sha256:b325d4714c3c48277bfea1accd94e193ad6ed42b4bad79ad64f3b8f8a31260a5", size = 270413, upload-time = "2026-01-14T23:18:00.764Z" },
]

[[package]]
name = "requests"
version = "2.32.5"
source = { registry = "https://pypi.org/simple" }
dependencies = [
    { name = "certifi" },
    { name = "charset-normalizer" },
    { name = "idna" },
    { name = "urllib3" },
]
sdist = { url = "https://files.pythonhosted.org/packages/c9/74/b3ff8e6c8446842c3f5c837e9c3dfcfe2018ea6ecef224c710c85ef728f4/requests-2.32.5.tar.gz", hash = "sha256:dbba0bac56e100853db0ea71b82b4dfd5fe2bf6d3754a8893c3af500cec7d7cf", size = 134517, upload-time = "2025-08-18T20:46:02.573Z" }
wheels = [
    { url = "https://files.pythonhosted.org/packages/1e/db/4254e3eabe8020b458f1a747140d32277ec7a271daf1d235b70dc0b4e6e3/requests-2.32.5-py3-none-any.whl", hash = "sha256:2462f94637a34fd532264295e186976db0f5d453d1cdd31473c85a6a161affb6", size = 64738, upload-time = "2025-08-18T20:46:00.542Z" },
]

[[package]]
name = "requests-toolbelt"
version = "1.0.0"
source = { registry = "https://pypi.org/simple" }
dependencies = [
    { name = "requests" },
]
sdist = { url = "https://files.pythonhosted.org/packages/f3/61/d7545dafb7ac2230c70d38d31cbfe4cc64f7144dc41f6e4e4b78ecd9f5bb/requests-toolbelt-1.0.0.tar.gz", hash = "sha256:7681a0a3d047012b5bdc0ee37d7f8f07ebe76ab08caeccfc3921ce23c88d5bc6", size = 206888, upload-time = "2023-05-01T04:11:33.229Z" }
wheels = [
    { url = "https://files.pythonhosted.org/packages/3f/51/d4db610ef29373b879047326cbf6fa98b6c1969d6f6dc423279de2b1be2c/requests_toolbelt-1.0.0-py2.py3-none-any.whl", hash = "sha256:cccfdd665f0a24fcf4726e690f65639d272bb0637b9b92dfd91a5568ccf6bd06", size = 54481, upload-time = "2023-05-01T04:11:28.427Z" },
]

[[package]]
name = "six"
version = "1.17.0"
source = { registry = "https://pypi.org/simple" }
sdist = { url = "https://files.pythonhosted.org/packages/94/e7/b2c673351809dca68a0e064b6af791aa332cf192da575fd474ed7d6f16a2/six-1.17.0.tar.gz", hash = "sha256:ff70335d468e7eb6ec65b95b99d3a2836546063f63acc5171de367e834932a81", size = 34031, upload-time = "2024-12-04T17:35:28.174Z" }
wheels = [
    { url = "https://files.pythonhosted.org/packages/b7/ce/149a00dd41f10bc29e5921b496af8b574d8413afcd5e30dfa0ed46c2cc5e/six-1.17.0-py2.py3-none-any.whl", hash = "sha256:4721f391ed90541fddacab5acf947aa0d3dc7d27b2e1e8eda2be8970586c3274", size = 11050, upload-time = "2024-12-04T17:35:26.475Z" },
]

[[package]]
name = "urllib3"
version = "2.6.3"
source = { registry = "https://pypi.org/simple" }
sdist = { url = "https://files.pythonhosted.org/packages/c7/24/5f1b3bdffd70275f6661c76461e25f024d5a38a46f04aaca912426a2b1d3/urllib3-2.6.3.tar.gz", hash = "sha256:1b62b6884944a57dbe321509ab94fd4d3b307075e0c2eae991ac71ee15ad38ed", size = 435556, upload-time = "2026-01-07T16:24:43.925Z" }
wheels = [
    { url = "https://files.pythonhosted.org/packages/39/08/aaaad47bc4e9dc8c725e68f9d04865dbcb2052843ff09c97b08904852d84/urllib3-2.6.3-py3-none-any.whl", hash = "sha256:bf272323e553dfb2e87d9bfd225ca7b0f467b919d7bbd355436d3fd37cb0acd4", size = 131584, upload-time = "2026-01-07T16:24:42.685Z" },
]

[[package]]
name = "wcwidth"
version = "0.8.1"
source = { registry = "https://pypi.org/simple" }
sdist = { url = "https://files.pythonhosted.org/packages/49/b4/51fe890511f0f242d07cb1ebe6a5b6db417262b9d2568b460347c57d95cc/wcwidth-0.8.1.tar.gz", hash = "sha256:faf5b4a5366a72dc49cad48cdf21f52bdf63bdda995178e483ba247ff79089b9", size = 1466072, upload-time = "2026-06-08T05:57:23.146Z" }
wheels = [
    { url = "https://files.pythonhosted.org/packages/bd/6e/95b0e537de1f4d4301f76f944642c6da50d1511cc7b3d64dc418a66c7509/wcwidth-0.8.1-py3-none-any.whl", hash = "sha256:f453740b1e4a4f3291faa37944c555d71056c4da08d59809b307ef4feba695c8", size = 323092, upload-time = "2026-06-08T05:57:21.413Z" },
]
