version = 1
revision = 3
requires-python = "==3.9.*"

[[package]]
name = "attrs"
version = "25.4.0"
source = { registry = "https://pypi.org/simple" }
sdist = { url = "https://files.pythonhosted.org/packages/6b/5c/685e6633917e101e5dcb62b9dd76946cbb57c26e133bae9e0cd36033c0a9/attrs-25.4.0.tar.gz", hash = "sha256:16d5969b87f0859ef33a48b35d55ac1be6e42ae49d5e853b597db70c35c57e11", size = 934251, upload-time = "2025-10-06T13:54:44.725Z" }
wheels = [
    { url = "https://files.pythonhosted.org/packages/3a/2a/7cc015f5b9f5db42b7d48157e23356022889fc354a2813c15934b7cb5c0e/attrs-25.4.0-py3-none-any.whl", hash = "sha256:adcf7e2a1fb3b36ac48d97835bb6d8ade15b8dcce26aba8bf1d14847b57a3373", size = 67615, upload-time = "2025-10-06T13:54:43.17Z" },
]

[[package]]
name = "click"
version = "8.1.8"
source = { registry = "https://pypi.org/simple" }
dependencies = [
    { name = "colorama", marker = "sys_platform == 'win32'" },
]
sdist = { url = "https://files.pythonhosted.org/packages/b9/2e/0090cbf739cee7d23781ad4b89a9894a41538e4fcf4c31dcdd705b78eb8b/click-8.1.8.tar.gz", hash = "sha256:ed53c9d8990d83c2a27deae68e4ee337473f6330c040a31d4225c9574d16096a", size = 226593, upload-time = "2024-12-21T18:38:44.339Z" }
wheels = [
    { url = "https://files.pythonhosted.org/packages/7e/d4/7ebdbd03970677812aac39c869717059dbb71a4cfc033ca6e5221787892c/click-8.1.8-py3-none-any.whl", hash = "sha256:63c132bbbed01578a06712a2d1f497bb62d9c1c0d329b7903a866228027263b2", size = 98188, upload-time = "2024-12-21T18:38:41.666Z" },
]

[[package]]
name = "colorama"
version = "0.4.6"
source = { registry = "https://pypi.org/simple" }
sdist = { url = "https://files.pythonhosted.org/packages/d8/53/6f443c9a4a8358a93a6792e2acffb9d9d5cb0a5cfd8802644b7b1c9a02e4/colorama-0.4.6.tar.gz", hash = "sha256:08695f5cb7ed6e0531a20572697297273c47b8cae5a63ffc6d6ed5c201be6e44", size = 27697, upload-time = "2022-10-25T02:36:22.414Z" }
wheels = [
    { url = "https://files.pythonhosted.org/packages/d1/d6/3965ed04c63042e047cb6a3e6ed1a63a35087b6a609aa3a15ed8ac56c221/colorama-0.4.6-py2.py3-none-any.whl", hash = "sha256:4f1d9991f5acc0ca119f9d443620b77f9d6b33703e51011c16baf57afb285fc6", size = 25335, upload-time = "2022-10-25T02:36:20.889Z" },
]

[[package]]
name = "deprecation"
version = "2.1.0"
source = { registry = "https://pypi.org/simple" }
dependencies = [
    { name = "packaging" },
]
sdist = { url = "https://files.pythonhosted.org/packages/5a/d3/8ae2869247df154b64c1884d7346d412fed0c49df84db635aab2d1c40e62/deprecation-2.1.0.tar.gz", hash = "sha256:72b3bde64e5d778694b0cf68178aed03d15e15477116add3fb773e581f9518ff", size = 173788, upload-time = "2020-04-20T14:23:38.738Z" }
wheels = [
    { url = "https://files.pythonhosted.org/packages/02/c3/253a89ee03fc9b9682f1541728eb66db7db22148cd94f89ab22528cd1e1b/deprecation-2.1.0-py2.py3-none-any.whl", hash = "sha256:a10811591210e1fb0e768a8c25517cabeabcba6f0bf96564f8ff45189f90b14a", size = 11178, upload-time = "2020-04-20T14:23:36.581Z" },
]

[[package]]
name = "dkpro-cassis"
version = "0.10.1"
source = { registry = "https://pypi.org/simple" }
dependencies = [
    { name = "attrs" },
    { name = "deprecation" },
    { name = "importlib-resources" },
    { name = "lxml" },
    { name = "more-itertools" },
    { name = "sortedcontainers" },
    { name = "toposort" },
]
sdist = { url = "https://files.pythonhosted.org/packages/69/2c/2a105544d9418098f7d45b8876935578c5e1a8b3f28e0288d8200ffea3e6/dkpro_cassis-0.10.1.tar.gz", hash = "sha256:bf594bc4f65997e41206d71d0706456ca3878f8bf5adba585d883d9172d1d829", size = 124259, upload-time = "2025-03-21T07:10:32.994Z" }
wheels = [
    { url = "https://files.pythonhosted.org/packages/11/cb/669877010a958fad494b48490bc2bdcfd28840fa5db00ef1cd1c1cafc577/dkpro_cassis-0.10.1-py3-none-any.whl", hash = "sha256:544acda1f948ceba6f0488371585fb74cf8e5541ae9edec90cf4a904a23eb3e5", size = 62267, upload-time = "2025-03-21T07:10:31.061Z" },
]

[[package]]
name = "importlib-resources"
version = "6.5.2"
source = { registry = "https://pypi.org/simple" }
dependencies = [
    { name = "zipp" },
]
sdist = { url = "https://files.pythonhosted.org/packages/cf/8c/f834fbf984f691b4f7ff60f50b514cc3de5cc08abfc3295564dd89c5e2e7/importlib_resources-6.5.2.tar.gz", hash = "sha256:185f87adef5bcc288449d98fb4fba07cea78bc036455dd44c5fc4a2fe78fed2c", size = 44693, upload-time = "2025-01-03T18:51:56.698Z" }
wheels = [
    { url = "https://files.pythonhosted.org/packages/a4/ed/1f1afb2e9e7f38a545d628f864d562a5ae64fe6f7a10e28ffb9b185b4e89/importlib_resources-6.5.2-py3-none-any.whl", hash = "sha256:789cfdc3ed28c78b67a06acb8126751ced69a3d5f79c095a98298cd8a760ccec", size = 37461, upload-time = "2025-01-03T18:51:54.306Z" },
]

[[package]]
name = "lxml"
version = "5.3.2"
source = { registry = "https://pypi.org/simple" }
sdist = { url = "https://files.pythonhosted.org/packages/80/61/d3dc048cd6c7be6fe45b80cedcbdd4326ba4d550375f266d9f4246d0f4bc/lxml-5.3.2.tar.gz", hash = "sha256:773947d0ed809ddad824b7b14467e1a481b8976e87278ac4a730c2f7c7fcddc1", size = 3679948, upload-time = "2025-04-05T18:31:58.757Z" }
wheels = [
    { url = "https://files.pythonhosted.org/packages/15/ac/bee196b9384315e842be9bc3cfa17492b456dc17d4b183fcb38447af9e58/lxml-5.3.2-cp39-cp39-macosx_10_9_universal2.whl", hash = "sha256:741c126bcf9aa939e950e64e5e0a89c8e01eda7a5f5ffdfc67073f2ed849caea", size = 8149407, upload-time = "2025-04-05T18:29:43.203Z" },
    { url = "https://files.pythonhosted.org/packages/4d/d7/cbad55c5e04d3fb0eece2225f0302c1939f87ff9f53aca028a2f9125ccb1/lxml-5.3.2-cp39-cp39-macosx_10_9_x86_64.whl", hash = "sha256:ab6e9e6aca1fd7d725ffa132286e70dee5b9a4561c5ed291e836440b82888f89", size = 4426545, upload-time = "2025-04-05T18:29:46.789Z" },
    { url = "https://files.pythonhosted.org/packages/84/70/ab0ab4bb874a6f8452bf5156f25327dc3f1b1b78930e62756f89e39434c2/lxml-5.3.2-cp39-cp39-manylinux_2_12_i686.manylinux2010_i686.manylinux_2_17_i686.manylinux2014_i686.whl", hash = "sha256:58e8c9b9ed3c15c2d96943c14efc324b69be6352fe5585733a7db2bf94d97841", size = 5233851, upload-time = "2025-04-05T18:29:50.208Z" },
    { url = "https://files.pythonhosted.org/packages/db/4b/5ce14fe5acd726de3991970e55982baf09c7641f6b910bfdbf37ed5f1222/lxml-5.3.2-cp39-cp39-manylinux_2_17_aarch64.manylinux2014_aarch64.whl", hash = "sha256:7811828ddfb8c23f4f1fbf35e7a7b2edec2f2e4c793dee7c52014f28c4b35238", size = 4947364, upload-time = "2025-04-05T18:29:53.655Z" },
    { url = "https://files.pythonhosted.org/packages/c1/e1/a726c0a06c7a0532478b0bd02935f69647026dd9826b8a329a6b87719710/lxml-5.3.2-cp39-cp39-manylinux_2_17_ppc64le.manylinux2014_ppc64le.whl", hash = "sha256:72968623efb1e12e950cbdcd1d0f28eb14c8535bf4be153f1bfffa818b1cf189", size = 5565399, upload-time = "2025-04-05T18:29:57.308Z" },
    { url = "https://files.pythonhosted.org/packages/6e/5c/5ee36f877f86018fdac9a7bc093bfa5d300cc57cdb8fc7cb5ef905283d0d/lxml-5.3.2-cp39-cp39-manylinux_2_17_s390x.manylinux2014_s390x.whl", hash = "sha256:ebfceaa2ea588b54efb6160e3520983663d45aed8a3895bb2031ada080fb5f04", size = 5003314, upload-time = "2025-04-05T18:30:00.428Z" },
    { url = "https://files.pythonhosted.org/packages/bb/f8/79a000d38f2d45a01456b93151a2cee40241ce6fec8f676632a437c16ff3/lxml-5.3.2-cp39-cp39-manylinux_2_17_x86_64.manylinux2014_x86_64.whl", hash = "sha256:d685d458505b2bfd2e28c812749fe9194a2b0ce285a83537e4309a187ffa270b", size = 5116448, upload-time = "2025-04-05T18:30:03.569Z" },
    { url = "https://files.pythonhosted.org/packages/d0/39/5342f88bb7b153101c99a2687fbb9c37ade10a3f0ee3cb23631010f4526a/lxml-5.3.2-cp39-cp39-manylinux_2_28_aarch64.whl", hash = "sha256:334e0e414dab1f5366ead8ca34ec3148415f236d5660e175f1d640b11d645847", size = 4942465, upload-time = "2025-04-05T18:30:06.715Z" },
    { url = "https://files.pythonhosted.org/packages/56/e9/55d1ebc47400886ccb16beccd29d27983e1b6646fd35fb5d1c9079b1f793/lxml-5.3.2-cp39-cp39-manylinux_2_28_ppc64le.whl", hash = "sha256:02e56f7de72fa82561eae69628a7d6febd7891d72248c7ff7d3e7814d4031017", size = 5588956, upload-time = "2025-04-05T18:30:09.987Z" },
    { url = "https://files.pythonhosted.org/packages/b8/37/1b0abff254f85081ca5b5cdfc3f73ff208f6c72a1da6dc69bd71408a047b/lxml-5.3.2-cp39-cp39-manylinux_2_28_s390x.whl", hash = "sha256:638d06b4e1d34d1a074fa87deed5fb55c18485fa0dab97abc5604aad84c12031", size = 5083187, upload-time = "2025-04-05T18:30:13.488Z" },
    { url = "https://files.pythonhosted.org/packages/43/7f/87071f4180e921090bbf3ff3b05355d3cffcfba0e388e25c49b33e4a8307/lxml-5.3.2-cp39-cp39-manylinux_2_28_x86_64.whl", hash = "sha256:354dab7206d22d7a796fa27c4c5bffddd2393da2ad61835355a4759d435beb47", size = 5162574, upload-time = "2025-04-05T18:30:16.619Z" },
    { url = "https://files.pythonhosted.org/packages/13/16/ec4a10e5ea07cd0fc36dd8ca48d4344d5d299fb3572c189e3592ca525cf1/lxml-5.3.2-cp39-cp39-musllinux_1_2_aarch64.whl", hash = "sha256:d9d9f82ff2c3bf9bb777cb355149f7f3a98ec58f16b7428369dc27ea89556a4c", size = 5022882, upload-time = "2025-04-05T18:30:19.725Z" },
    { url = "https://files.pythonhosted.org/packages/2d/3e/0c7fea56e227fbca0c6ad36d1c896bab08cdb92d5196bf1ae0cbad31ea28/lxml-5.3.2-cp39-cp39-musllinux_1_2_ppc64le.whl", hash = "sha256:95ad58340e3b7d2b828efc370d1791856613c5cb62ae267158d96e47b3c978c9", size = 5652645, upload-time = "2025-04-05T18:30:23.261Z" },
    { url = "https://files.pythonhosted.org/packages/a9/6c/4d707800e66e22a47cb7122157fcba7427f286e1edebc0f07fd35d0b412f/lxml-5.3.2-cp39-cp39-musllinux_1_2_s390x.whl", hash = "sha256:30fe05f4b7f6e9eb32862745512e7cbd021070ad0f289a7f48d14a0d3fc1d8a9", size = 5494128, upload-time = "2025-04-05T18:30:26.534Z" },
    { url = "https://files.pythonhosted.org/packages/d1/5a/634df1eaa077bac8bc66ac59fc7aef1505d4e9c98c12a06d44065769169a/lxml-5.3.2-cp39-cp39-musllinux_1_2_x86_64.whl", hash = "sha256:34c688fef86f73dbca0798e0a61bada114677006afa524a8ce97d9e5fabf42e6", size = 5228135, upload-time = "2025-04-05T18:30:29.744Z" },
    { url = "https://files.pythonhosted.org/packages/c6/08/3e0a2780402f0ad66ce1fa161c29c8f18d4b55fec4c037ba48d7172d43cb/lxml-5.3.2-cp39-cp39-win32.whl", hash = "sha256:4d6d3d1436d57f41984920667ec5ef04bcb158f80df89ac4d0d3f775a2ac0c87", size = 3478304, upload-time = "2025-04-05T18:30:32.924Z" },
    { url = "https://files.pythonhosted.org/packages/f0/d5/58764b2de414dc68106d3063c401655615b693d7218f85bdf7ab7aab6c34/lxml-5.3.2-cp39-cp39-win_amd64.whl", hash = "sha256:2996e1116bbb3ae2a1fbb2ba4da8f92742290b4011e7e5bce2bd33bbc9d9485a", size = 3806337, upload-time = "2025-04-05T18:30:36.304Z" },
    { url = "https://files.pythonhosted.org/packages/39/62/052ee9e799fa444c8eeee543c7d7f00b6212e2982e578b86900825b0f976/lxml-5.3.2-pp39-pypy39_pp73-macosx_10_15_x86_64.whl", hash = "sha256:c3eb4278dcdb9d86265ed2c20b9ecac45f2d6072e3904542e591e382c87a9c00", size = 3934292, upload-time = "2025-04-05T18:31:37.305Z" },
    { url = "https://files.pythonhosted.org/packages/2c/f1/bc85ad1d85fc62cc14dff9d8ed48041adc9b8bb8be82b6d614887f561f24/lxml-5.3.2-pp39-pypy39_pp73-manylinux_2_17_aarch64.manylinux2014_aarch64.whl", hash = "sha256:258b6b53458c5cbd2a88795557ff7e0db99f73a96601b70bc039114cd4ee9e02", size = 4232326, upload-time = "2025-04-05T18:31:40.922Z" },
    { url = "https://files.pythonhosted.org/packages/55/6c/9e74a4143adf7d3fdc0c313306242c194bd288a1428b882f4e27eeffd25a/lxml-5.3.2-pp39-pypy39_pp73-manylinux_2_17_x86_64.manylinux2014_x86_64.whl", hash = "sha256:c0a9d8d25ed2f2183e8471c97d512a31153e123ac5807f61396158ef2793cb6e", size = 4347285, upload-time = "2025-04-05T18:31:44.154Z" },
    { url = "https://files.pythonhosted.org/packages/84/53/ab3b9650684ae3e16d4b261be38165f38cef2fc1f12c568c1ea7436fe980/lxml-5.3.2-pp39-pypy39_pp73-manylinux_2_28_aarch64.whl", hash = "sha256:73bcb635a848c18a3e422ea0ab0092f2e4ef3b02d8ebe87ab49748ebc8ec03d8", size = 4233141, upload-time = "2025-04-05T18:31:48.117Z" },
    { url = "https://files.pythonhosted.org/packages/ba/5f/8000dfdd01051cc825c4e8e2397fa4837c3adccb8fb1c2e748d3434b29b5/lxml-5.3.2-pp39-pypy39_pp73-manylinux_2_28_x86_64.whl", hash = "sha256:1545de0a69a16ced5767bae8cca1801b842e6e49e96f5e4a8a5acbef023d970b", size = 4370638, upload-time = "2025-04-05T18:31:51.447Z" },
    { url = "https://files.pythonhosted.org/packages/2a/f8/8ea5b07c12444b344f80e1a17bd7d5d3740696827ab5ac0d6d0177d3fbcd/lxml-5.3.2-pp39-pypy39_pp73-win_amd64.whl", hash = "sha256:165fcdc2f40fc0fe88a3c3c06c9c2a097388a90bda6a16e6f7c9199c903c9b8e", size = 3486453, upload-time = "2025-04-05T18:31:55.012Z" },
]

[[package]]
name = "more-itertools"
version = "10.8.0"
source = { registry = "https://pypi.org/simple" }
sdist = { url = "https://files.pythonhosted.org/packages/ea/5d/38b681d3fce7a266dd9ab73c66959406d565b3e85f21d5e66e1181d93721/more_itertools-10.8.0.tar.gz", hash = "sha256:f638ddf8a1a0d134181275fb5d58b086ead7c6a72429ad725c67503f13ba30bd", size = 137431, upload-time = "2025-09-02T15:23:11.018Z" }
wheels = [
    { url = "https://files.pythonhosted.org/packages/a4/8e/469e5a4a2f5855992e425f3cb33804cc07bf18d48f2db061aec61ce50270/more_itertools-10.8.0-py3-none-any.whl", hash = "sha256:52d4362373dcf7c52546bc4af9a86ee7c4579df9a8dc268be0a2f949d376cc9b", size = 69667, upload-time = "2025-09-02T15:23:09.635Z" },
]

[[package]]
name = "packaging"
version = "26.0"
source = { registry = "https://pypi.org/simple" }
sdist = { url = "https://files.pythonhosted.org/packages/65/ee/299d360cdc32edc7d2cf530f3accf79c4fca01e96ffc950d8a52213bd8e4/packaging-26.0.tar.gz", hash = "sha256:00243ae351a257117b6a241061796684b084ed1c516a08c48a3f7e147a9d80b4", size = 143416, upload-time = "2026-01-21T20:50:39.064Z" }
wheels = [
    { url = "https://files.pythonhosted.org/packages/b7/b9/c538f279a4e237a006a2c98387d081e9eb060d203d8ed34467cc0f0b9b53/packaging-26.0-py3-none-any.whl", hash = "sha256:b36f1fef9334a5588b4166f8bcd26a14e521f2b55e6b9de3aaa80d3ff7a37529", size = 74366, upload-time = "2026-01-21T20:50:37.788Z" },
]

[[package]]
name = "prompt-toolkit"
version = "1.0.14"
source = { registry = "https://pypi.org/simple" }
dependencies = [
    { name = "six" },
    { name = "wcwidth" },
]
sdist = { url = "https://files.pythonhosted.org/packages/55/56/8c39509b614bda53e638b7500f12577d663ac1b868aef53426fc6a26c3f5/prompt_toolkit-1.0.14.tar.gz", hash = "sha256:cc66413b1b4b17021675d9f2d15d57e640b06ddfd99bb724c73484126d22622f", size = 241612, upload-time = "2017-03-26T18:36:31.501Z" }
wheels = [
    { url = "https://files.pythonhosted.org/packages/ee/3d/b25d35a9f0d381dd1c02d8e04b37c353caaaff4bc32150328eeebe4931f5/prompt_toolkit-1.0.14-py3-none-any.whl", hash = "sha256:7281b5199235adaef6980942840c43753e4ab20dfe41338da634fb41c194f9d8", size = 248251, upload-time = "2017-03-26T18:36:37.229Z" },
]

[[package]]
name = "pygments"
version = "2.19.2"
source = { registry = "https://pypi.org/simple" }
sdist = { url = "https://files.pythonhosted.org/packages/b0/77/a5b8c569bf593b0140bde72ea885a803b82086995367bf2037de0159d924/pygments-2.19.2.tar.gz", hash = "sha256:636cb2477cec7f8952536970bc533bc43743542f70392ae026374600add5b887", size = 4968631, upload-time = "2025-06-21T13:39:12.283Z" }
wheels = [
    { url = "https://files.pythonhosted.org/packages/c7/21/705964c7812476f378728bdf590ca4b771ec72385c533964653c68e86bdc/pygments-2.19.2-py3-none-any.whl", hash = "sha256:86540386c03d588bb81d44bc3928634ff26449851e99741617ecb9037ee5ec0b", size = 1225217, upload-time = "2025-06-21T13:39:07.939Z" },
]

[[package]]
name = "pyinquirer"
version = "1.0.3"
source = { registry = "https://pypi.org/simple" }
dependencies = [
    { name = "prompt-toolkit" },
    { name = "pygments" },
    { name = "regex" },
]
sdist = { url = "https://files.pythonhosted.org/packages/fb/4c/434b7c454010a284b49d6f1d446fe8dc5960415613d8c0225b9e2efb6724/PyInquirer-1.0.3.tar.gz", hash = "sha256:c9a92d68d7727fbd886a7908c08fd9e9773e5dc211bf5cbf836ba90d366dee51", size = 27980, upload-time = "2018-11-22T19:22:15.215Z" }

[[package]]
name = "regex"
version = "2026.1.15"
source = { registry = "https://pypi.org/simple" }
sdist = { url = "https://files.pythonhosted.org/packages/0b/86/07d5056945f9ec4590b518171c4254a5925832eb727b56d3c38a7476f316/regex-2026.1.15.tar.gz", hash = "sha256:164759aa25575cbc0651bef59a0b18353e54300d79ace8084c818ad8ac72b7d5", size = 414811, upload-time = "2026-01-14T23:18:02.775Z" }
wheels = [
    { url = "https://files.pythonhosted.org/packages/a2/e7/0e1913dc52eee9c5cf8417c9813c4c55972a3f37d27cfa2e623b79b63dbc/regex-2026.1.15-cp39-cp39-macosx_10_9_universal2.whl", hash = "sha256:55b4ea996a8e4458dd7b584a2f89863b1655dd3d17b88b46cbb9becc495a0ec5", size = 488185, upload-time = "2026-01-14T23:17:25.2Z" },
    { url = "https://files.pythonhosted.org/packages/78/df/c52c1ff4221529faad0953e197982fe9508c6dbb42327e31bf98ea07472a/regex-2026.1.15-cp39-cp39-macosx_10_9_x86_64.whl", hash = "sha256:7e1e28be779884189cdd57735e997f282b64fd7ccf6e2eef3e16e57d7a34a815", size = 290628, upload-time = "2026-01-14T23:17:27.125Z" },
    { url = "https://files.pythonhosted.org/packages/4b/d2/a2fef3717deaff647d7de2bccf899a576c7eaf042b6b271fc4474515fe97/regex-2026.1.15-cp39-cp39-macosx_11_0_arm64.whl", hash = "sha256:0057de9eaef45783ff69fa94ae9f0fd906d629d0bd4c3217048f46d1daa32e9b", size = 288509, upload-time = "2026-01-14T23:17:29.017Z" },
    { url = "https://files.pythonhosted.org/packages/70/89/faf5ee5c69168753c845a3d58b4683f61c899d162bfe1264fca88d5b3924/regex-2026.1.15-cp39-cp39-manylinux2014_aarch64.manylinux_2_17_aarch64.manylinux_2_28_aarch64.whl", hash = "sha256:cc7cd0b2be0f0269283a45c0d8b2c35e149d1319dcb4a43c9c3689fa935c1ee6", size = 781088, upload-time = "2026-01-14T23:17:30.961Z" },
    { url = "https://files.pythonhosted.org/packages/7d/2c/707e5c380ad547c93686e21144e7e24dc2064dd84ec5b751b6dbdfc9be2b/regex-2026.1.15-cp39-cp39-manylinux2014_ppc64le.manylinux_2_17_ppc64le.manylinux_2_28_ppc64le.whl", hash = "sha256:8db052bbd981e1666f09e957f3790ed74080c2229007c1dd67afdbf0b469c48b", size = 850516, upload-time = "2026-01-14T23:17:32.946Z" },
    { url = "https://files.pythonhosted.org/packages/5d/3b/baa816cdcad1c0f8195f9f40ab2b2a2246c8a2989dcd90641c0c6559e3fd/regex-2026.1.15-cp39-cp39-manylinux2014_s390x.manylinux_2_17_s390x.manylinux_2_28_s390x.whl", hash = "sha256:343db82cb3712c31ddf720f097ef17c11dab2f67f7a3e7be976c4f82eba4e6df", size = 898124, upload-time = "2026-01-14T23:17:36.019Z" },
    { url = "https://files.pythonhosted.org/packages/e7/74/1eb46bde30899825ed9fdf645eba16b7b97c49d12d300f5177989b9a09a4/regex-2026.1.15-cp39-cp39-manylinux2014_x86_64.manylinux_2_17_x86_64.manylinux_2_28_x86_64.whl", hash = "sha256:55e9d0118d97794367309635df398bdfd7c33b93e2fdfa0b239661cd74b4c14e", size = 791290, upload-time = "2026-01-14T23:17:38.097Z" },
    { url = "https://files.pythonhosted.org/packages/c4/5d/b72e176fb21e2ec248baed01151a342d1f44dd43c2b6bb6a41ad183b274e/regex-2026.1.15-cp39-cp39-manylinux2014_x86_64.manylinux_2_17_x86_64.whl", hash = "sha256:008b185f235acd1e53787333e5690082e4f156c44c87d894f880056089e9bc7c", size = 781996, upload-time = "2026-01-14T23:17:40.109Z" },
    { url = "https://files.pythonhosted.org/packages/61/0e/d3b3710eaafd994a4a71205d114abc38cda8691692a2ce2313abe68e7eb7/regex-2026.1.15-cp39-cp39-manylinux_2_31_riscv64.manylinux_2_39_riscv64.whl", hash = "sha256:fd65af65e2aaf9474e468f9e571bd7b189e1df3a61caa59dcbabd0000e4ea839", size = 767578, upload-time = "2026-01-14T23:17:42.134Z" },
    { url = "https://files.pythonhosted.org/packages/09/51/c6a6311833e040f95d229a34d82ac1cec2af8a5c00d58b244f2fceecef87/regex-2026.1.15-cp39-cp39-musllinux_1_2_aarch64.whl", hash = "sha256:f42e68301ff4afee63e365a5fc302b81bb8ba31af625a671d7acb19d10168a8c", size = 774354, upload-time = "2026-01-14T23:17:44.392Z" },
    { url = "https://files.pythonhosted.org/packages/cc/97/c522d1f19fb2c549aaf680b115c110cd124c02062bc8c95f33db8583b4bb/regex-2026.1.15-cp39-cp39-musllinux_1_2_ppc64le.whl", hash = "sha256:f7792f27d3ee6e0244ea4697d92b825f9a329ab5230a78c1a68bd274e64b5077", size = 845297, upload-time = "2026-01-14T23:17:47.145Z" },
    { url = "https://files.pythonhosted.org/packages/99/a0/99468c386ab68a5e24c946c5c353c29c33a95523e275c17839f2446db15d/regex-2026.1.15-cp39-cp39-musllinux_1_2_riscv64.whl", hash = "sha256:dbaf3c3c37ef190439981648ccbf0c02ed99ae066087dd117fcb616d80b010a4", size = 755132, upload-time = "2026-01-14T23:17:49.796Z" },
    { url = "https://files.pythonhosted.org/packages/70/33/d5748c7b6c9d3621f12570583561ba529e2d1b12e4f70b8f17979b133e65/regex-2026.1.15-cp39-cp39-musllinux_1_2_s390x.whl", hash = "sha256:adc97a9077c2696501443d8ad3fa1b4fc6d131fc8fd7dfefd1a723f89071cf0a", size = 835662, upload-time = "2026-01-14T23:17:52.559Z" },
    { url = "https://files.pythonhosted.org/packages/ad/15/1986972c276672505437f1ba3c9706c2d91f321cfb9b2f4d06e8bff1b999/regex-2026.1.15-cp39-cp39-musllinux_1_2_x86_64.whl", hash = "sha256:069f56a7bf71d286a6ff932a9e6fb878f151c998ebb2519a9f6d1cee4bffdba3", size = 779513, upload-time = "2026-01-14T23:17:54.711Z" },
    { url = "https://files.pythonhosted.org/packages/bc/f9/124f6a5cb3969d8e30471ed4f46cfc17c47aef1a9863ee8b4ba1d98b1bc4/regex-2026.1.15-cp39-cp39-win32.whl", hash = "sha256:ea4e6b3566127fda5e007e90a8fd5a4169f0cf0619506ed426db647f19c8454a", size = 265923, upload-time = "2026-01-14T23:17:56.69Z" },
    { url = "https://files.pythonhosted.org/packages/7b/c2/bb8fad7d27f1d71fc9772befd544bccd22eddc62a6735f57b003b4aff005/regex-2026.1.15-cp39-cp39-win_amd64.whl", hash = "sha256:cda1ed70d2b264952e88adaa52eea653a33a1b98ac907ae2f86508eb44f65cdc", size = 277900, upload-time = "2026-01-14T23:17:58.72Z" },
    { url = "https://files.pythonhosted.org/packages/f7/fa/4e033327c1d8350bc812cac906d873984d3d4b39529252f392a47ccc356d/regex-2026.1.15-cp39-cp39-win_arm64.whl", hash = "sha256:b325d4714c3c48277bfea1accd94e193ad6ed42b4bad79ad64f3b8f8a31260a5", size = 270413, upload-time = "2026-01-14T23:18:00.764Z" },
]

[[package]]
name = "six"
version = "1.17.0"
source = { registry = "https://pypi.org/simple" }
sdist = { url = "https://files.pythonhosted.org/packages/94/e7/b2c673351809dca68a0e064b6af791aa332cf192da575fd474ed7d6f16a2/six-1.17.0.tar.gz", hash = "sha256:ff70335d468e7eb6ec65b95b99d3a2836546063f63acc5171de367e834932a81", size = 34031, upload-time = "2024-12-04T17:35:28.174Z" }
wheels = [
    { url = "https://files.pythonhosted.org/packages/b7/ce/149a00dd41f10bc29e5921b496af8b574d8413afcd5e30dfa0ed46c2cc5e/six-1.17.0-py2.py3-none-any.whl", hash = "sha256:4721f391ed90541fddacab5acf947aa0d3dc7d27b2e1e8eda2be8970586c3274", size = 11050, upload-time = "2024-12-04T17:35:26.475Z" },
]

[[package]]
name = "sortedcontainers"
version = "2.4.0"
source = { registry = "https://pypi.org/simple" }
sdist = { url = "https://files.pythonhosted.org/packages/e8/c4/ba2f8066cceb6f23394729afe52f3bf7adec04bf9ed2c820b39e19299111/sortedcontainers-2.4.0.tar.gz", hash = "sha256:25caa5a06cc30b6b83d11423433f65d1f9d76c4c6a0c90e3379eaa43b9bfdb88", size = 30594, upload-time = "2021-05-16T22:03:42.897Z" }
wheels = [
    { url = "https://files.pythonhosted.org/packages/32/46/9cb0e58b2deb7f82b84065f37f3bffeb12413f947f9388e4cac22c4621ce/sortedcontainers-2.4.0-py2.py3-none-any.whl", hash = "sha256:a163dcaede0f1c021485e957a39245190e74249897e2ae4b2aa38595db237ee0", size = 29575, upload-time = "2021-05-16T22:03:41.177Z" },
]

[[package]]
name = "toposort"
version = "1.10"
source = { registry = "https://pypi.org/simple" }
sdist = { url = "https://files.pythonhosted.org/packages/69/19/8e955d90985ecbd3b9adb2a759753a6840da2dff3c569d412b2c9217678b/toposort-1.10.tar.gz", hash = "sha256:bfbb479c53d0a696ea7402601f4e693c97b0367837c8898bc6471adfca37a6bd", size = 11132, upload-time = "2023-02-27T13:59:51.834Z" }
wheels = [
    { url = "https://files.pythonhosted.org/packages/f6/17/57b444fd314d5e1593350b9a31d000e7411ba8e17ce12dc7ad54ca76b810/toposort-1.10-py3-none-any.whl", hash = "sha256:cbdbc0d0bee4d2695ab2ceec97fe0679e9c10eab4b2a87a9372b929e70563a87", size = 8500, upload-time = "2023-02-25T20:07:06.538Z" },
]

[[package]]
name = "uima-cas-converter"
version = "0.5.0"
source = { editable = "." }
dependencies = [
    { name = "click" },
    { name = "dkpro-cassis" },
    { name = "pyinquirer" },
]

[package.metadata]
requires-dist = [
    { name = "click", specifier = ">=8.1.8" },
    { name = "dkpro-cassis", specifier = ">=0.10.1" },
    { name = "pyinquirer", specifier = ">=1.0.3" },
]

[[package]]
name = "wcwidth"
version = "0.6.0"
source = { registry = "https://pypi.org/simple" }
sdist = { url = "https://files.pythonhosted.org/packages/35/a2/8e3becb46433538a38726c948d3399905a4c7cabd0df578ede5dc51f0ec2/wcwidth-0.6.0.tar.gz", hash = "sha256:cdc4e4262d6ef9a1a57e018384cbeb1208d8abbc64176027e2c2455c81313159", size = 159684, upload-time = "2026-02-06T19:19:40.919Z" }
wheels = [
    { url = "https://files.pythonhosted.org/packages/68/5a/199c59e0a824a3db2b89c5d2dade7ab5f9624dbf6448dc291b46d5ec94d3/wcwidth-0.6.0-py3-none-any.whl", hash = "sha256:1a3a1e510b553315f8e146c54764f4fb6264ffad731b3d78088cdb1478ffbdad", size = 94189, upload-time = "2026-02-06T19:19:39.646Z" },
]

[[package]]
name = "zipp"
version = "3.23.0"
source = { registry = "https://pypi.org/simple" }
sdist = { url = "https://files.pythonhosted.org/packages/e3/02/0f2892c661036d50ede074e376733dca2ae7c6eb617489437771209d4180/zipp-3.23.0.tar.gz", hash = "sha256:a07157588a12518c9d4034df3fbbee09c814741a33ff63c05fa29d26a2404166", size = 25547, upload-time = "2025-06-08T17:06:39.4Z" }
wheels = [
    { url = "https://files.pythonhosted.org/packages/2e/54/647ade08bf0db230bfea292f893923872fd20be6ac6f53b2b936ba839d75/zipp-3.23.0-py3-none-any.whl", hash = "sha256:071652d6115ed432f5ce1d34c336c0adfd6a884660d1e9712a256d3d3bd4b14e", size = 10276, upload-time = "2025-06-08T17:06:38.034Z" },
]
